
Microsoft Visual Studio Solution File, Format Version 12.00
# Visual Studio 15
VisualStudioVersion = 15.0.28010.2036
MinimumVisualStudioVersion = 10.0.40219.1
Project("{FAE04EC0-301F-11D3-BF4B-00C04F79EFBC}") = "PetShop.API", "PetShop.API\PetShop.API.csproj", "{31DDA1BF-C687-45FF-BBF5-AE4787369989}"
EndProject
Project("{FAE04EC0-301F-11D3-BF4B-00C04F79EFBC}") = "PetShop.DBAccess", "PetShop.DBAccess\PetShop.DBAccess.csproj", "{2B568C63-263B-42B9-B5D7-8D0F55F7753E}"
EndProject
Project("{FAE04EC0-301F-11D3-BF4B-00C04F79EFBC}") = "PetShop.Business", "PetShop.Business\PetShop.Business.csproj", "{A5797714-3E97-45F0-89F6-9209F7A92853}"
EndProject
Project("{FAE04EC0-301F-11D3-BF4B-00C04F79EFBC}") = "PetShop.Model", "PetShop.Model\PetShop.Model.csproj", "{264DFFF4-8F00-4543-A6AE-93EBF5170470}"
EndProject
Global
	GlobalSection(SolutionConfigurationPlatforms) = preSolution
		Debug|Any CPU = Debug|Any CPU
		Release|Any CPU = Release|Any CPU
	EndGlobalSection
	GlobalSection(ProjectConfigurationPlatforms) = postSolution
		{31DDA1BF-C687-45FF-BBF5-AE4787369989}.Debug|Any CPU.ActiveCfg = Debug|Any CPU
		{31DDA1BF-C687-45FF-BBF5-AE4787369989}.Debug|Any CPU.Build.0 = Debug|Any CPU
		{31DDA1BF-C687-45FF-BBF5-AE4787369989}.Release|Any CPU.ActiveCfg = Release|Any CPU
		{31DDA1BF-C687-45FF-BBF5-AE4787369989}.Release|Any CPU.Build.0 = Release|Any CPU
		{2B568C63-263B-42B9-B5D7-8D0F55F7753E}.Debug|Any CPU.ActiveCfg = Debug|Any CPU
		{2B568C63-263B-42B9-B5D7-8D0F55F7753E}.Debug|Any CPU.Build.0 = Debug|Any CPU
		{2B568C63-263B-42B9-B5D7-8D0F55F7753E}.Release|Any CPU.ActiveCfg = Release|Any CPU
		{2B568C63-263B-42B9-B5D7-8D0F55F7753E}.Release|Any CPU.Build.0 = Release|Any CPU
		{A5797714-3E97-45F0-89F6-9209F7A92853}.Debug|Any CPU.ActiveCfg = Debug|Any CPU
		{A5797714-3E97-45F0-89F6-9209F7A92853}.Debug|Any CPU.Build.0 = Debug|Any CPU
		{A5797714-3E97-45F0-89F6-9209F7A92853}.Release|Any CPU.ActiveCfg = Release|Any CPU
		{A5797714-3E97-45F0-89F6-9209F7A92853}.Release|Any CPU.Build.0 = Release|Any CPU
		{264DFFF4-8F00-4543-A6AE-93EBF5170470}.Debug|Any CPU.ActiveCfg = Debug|Any CPU
		{264DFFF4-8F00-4543-A6AE-93EBF5170470}.Debug|Any CPU.Build.0 = Debug|Any CPU
		{264DFFF4-8F00-4543-A6AE-93EBF5170470}.Release|Any CPU.ActiveCfg = Release|Any CPU
		{264DFFF4-8F00-4543-A6AE-93EBF5170470}.Release|Any CPU.Build.0 = Release|Any CPU
	EndGlobalSection
	GlobalSection(SolutionProperties) = preSolution
		HideSolutionNode = FALSE
	EndGlobalSection
	GlobalSection(ExtensibilityGlobals) = postSolution
		SolutionGuid = {D209C195-303F-4260-90F8-C5D7004271A0}
	EndGlobalSection
EndGlobal
